
Microsoft Visual Studio Solution File, Format Version 12.00
Project("{FAE04EC0-301F-11D3-BF4B-00C04F79EFBC}") = "Entities", "1 Entities\Entities\Entities.csproj", "{E841B072-5A74-478C-A5FA-011620106488}"
EndProject
Project("{FAE04EC0-301F-11D3-BF4B-00C04F79EFBC}") = "DomainServices.Implementation", "1 Entities\DomainServices.Implementation\DomainServices.Implementation.csproj", "{17AB6774-124E-4D57-AECB-801C0D867216}"
EndProject
Project("{FAE04EC0-301F-11D3-BF4B-00C04F79EFBC}") = "DomainServices.Interfaces", "1 Entities\DomainServices.Interfaces\DomainServices.Interfaces.csproj", "{7A37FBDB-3B57-4220-A1ED-D85F5F46760D}"
EndProject
Project("{FAE04EC0-301F-11D3-BF4B-00C04F79EFBC}") = "DataAccess.PgSql", "2 Infrastructure.Implementation\DataAccess.PgSql\DataAccess.PgSql.csproj", "{3B2ECBFB-9E6D-463A-8C0A-A8FE25C9C14A}"
EndProject
Project("{FAE04EC0-301F-11D3-BF4B-00C04F79EFBC}") = "Email.MailHandler", "2 Infrastructure.Implementation\Email.MailHandler\Email.MailHandler.csproj", "{B5649FA1-1628-4916-BC27-A5780C660E67}"
EndProject
Project("{FAE04EC0-301F-11D3-BF4B-00C04F79EFBC}") = "WebApp", "WebApp\WebApp.csproj", "{D704C468-3460-4239-9ABB-8DBCEE1EC6EC}"
EndProject
Project("{FAE04EC0-301F-11D3-BF4B-00C04F79EFBC}") = "Utils", "0 Utils\Utils\Utils.csproj", "{FDF7F8AA-1E42-441C-AB56-DFBD3D28CC7B}"
EndProject
Project("{2150E333-8FDC-42A3-9474-1A3956D46DE8}") = "0 Utils", "0 Utils", "{FF19B620-ADB3-4F43-8493-F1E17B14A5E5}"
EndProject
Project("{2150E333-8FDC-42A3-9474-1A3956D46DE8}") = "1 Entities", "1 Entities", "{2E46BDCC-48B1-47BF-B6B3-B920CBCF83EE}"
EndProject
Project("{2150E333-8FDC-42A3-9474-1A3956D46DE8}") = "2 Infrastructure.Interfaces", "2 Infrastructure.Interfaces", "{0BAA38E5-4A24-4BCA-8E8B-31D601F6408C}"
EndProject
Project("{2150E333-8FDC-42A3-9474-1A3956D46DE8}") = "4 Infrastructure.Implementation", "4 Infrastructure.Implementation", "{4383F573-0189-4086-A8A5-450326C78E92}"
EndProject
Project("{FAE04EC0-301F-11D3-BF4B-00C04F79EFBC}") = "DataAccess.Interfaces", "2 Infrastucture.Interfaces\DataAccess.Interfaces\DataAccess.Interfaces.csproj", "{25A724F9-7CD5-43A2-96FD-08B978A28C47}"
EndProject
Project("{FAE04EC0-301F-11D3-BF4B-00C04F79EFBC}") = "Email.Interfaces", "2 Infrastucture.Interfaces\Email.Interfaces\Email.Interfaces.csproj", "{E75A1280-C4D0-4049-8A66-91ECB03A7A27}"
EndProject
Project("{FAE04EC0-301F-11D3-BF4B-00C04F79EFBC}") = "WebApp.Interfaces", "2 Infrastucture.Interfaces\WebApp.Interfaces\WebApp.Interfaces.csproj", "{B012C300-41AC-4AD3-872E-A974A6CFCAA0}"
EndProject
Project("{FAE04EC0-301F-11D3-BF4B-00C04F79EFBC}") = "ApplicationServices.Interfaces", "ApplicationServices.Interfaces\ApplicationServices.Interfaces.csproj", "{93C86F29-2C37-4CD6-9CB3-300D232BF74E}"
EndProject
Project("{FAE04EC0-301F-11D3-BF4B-00C04F79EFBC}") = "ApplicationServices.Implementation", "ApplicationServices.Implementation\ApplicationServices.Implementation.csproj", "{C41D6A8A-C475-4EEF-B61B-F860267B9374}"
EndProject
Project("{2150E333-8FDC-42A3-9474-1A3956D46DE8}") = "3 UseCases", "3 UseCases", "{55153DEA-4547-42F7-B50F-474A386EE8E0}"
EndProject
Project("{FAE04EC0-301F-11D3-BF4B-00C04F79EFBC}") = "Mobile.Controllers", "Mobile.Controllers\Mobile.Controllers.csproj", "{38AF612B-9179-46EE-9C7D-F9D0F9410B17}"
EndProject
Project("{FAE04EC0-301F-11D3-BF4B-00C04F79EFBC}") = "Mobile.UseCases", "Mobile.UseCases\Mobile.UseCases.csproj", "{6DEE7EF9-3CC3-44DB-96AC-9FACA62F8D7A}"
EndProject
Project("{FAE04EC0-301F-11D3-BF4B-00C04F79EFBC}") = "Web.Controllers", "Web.Controllers\Web.Controllers.csproj", "{144E336F-DC9E-4933-839D-A6094857C80D}"
EndProject
Project("{FAE04EC0-301F-11D3-BF4B-00C04F79EFBC}") = "Web.UseCases", "Web.UseCases\Web.UseCases.csproj", "{4FB0FAB0-5D28-40EC-8DCD-0CA71388DA4D}"
EndProject
Project("{2150E333-8FDC-42A3-9474-1A3956D46DE8}") = "Mobile", "Mobile", "{545681C3-10AB-4F77-87BC-583820FC4DA3}"
EndProject
Project("{2150E333-8FDC-42A3-9474-1A3956D46DE8}") = "Web", "Web", "{ABEDFDA2-9966-4D83-8537-D8D021F791E8}"
EndProject
Global
	GlobalSection(SolutionConfigurationPlatforms) = preSolution
		Debug|Any CPU = Debug|Any CPU
		Release|Any CPU = Release|Any CPU
	EndGlobalSection
	GlobalSection(ProjectConfigurationPlatforms) = postSolution
		{E841B072-5A74-478C-A5FA-011620106488}.Debug|Any CPU.ActiveCfg = Debug|Any CPU
		{E841B072-5A74-478C-A5FA-011620106488}.Debug|Any CPU.Build.0 = Debug|Any CPU
		{E841B072-5A74-478C-A5FA-011620106488}.Release|Any CPU.ActiveCfg = Release|Any CPU
		{E841B072-5A74-478C-A5FA-011620106488}.Release|Any CPU.Build.0 = Release|Any CPU
		{3B2ECBFB-9E6D-463A-8C0A-A8FE25C9C14A}.Debug|Any CPU.ActiveCfg = Debug|Any CPU
		{3B2ECBFB-9E6D-463A-8C0A-A8FE25C9C14A}.Debug|Any CPU.Build.0 = Debug|Any CPU
		{3B2ECBFB-9E6D-463A-8C0A-A8FE25C9C14A}.Release|Any CPU.ActiveCfg = Release|Any CPU
		{3B2ECBFB-9E6D-463A-8C0A-A8FE25C9C14A}.Release|Any CPU.Build.0 = Release|Any CPU
		{D704C468-3460-4239-9ABB-8DBCEE1EC6EC}.Debug|Any CPU.ActiveCfg = Debug|Any CPU
		{D704C468-3460-4239-9ABB-8DBCEE1EC6EC}.Debug|Any CPU.Build.0 = Debug|Any CPU
		{D704C468-3460-4239-9ABB-8DBCEE1EC6EC}.Release|Any CPU.ActiveCfg = Release|Any CPU
		{D704C468-3460-4239-9ABB-8DBCEE1EC6EC}.Release|Any CPU.Build.0 = Release|Any CPU
		{FDF7F8AA-1E42-441C-AB56-DFBD3D28CC7B}.Debug|Any CPU.ActiveCfg = Debug|Any CPU
		{FDF7F8AA-1E42-441C-AB56-DFBD3D28CC7B}.Debug|Any CPU.Build.0 = Debug|Any CPU
		{FDF7F8AA-1E42-441C-AB56-DFBD3D28CC7B}.Release|Any CPU.ActiveCfg = Release|Any CPU
		{FDF7F8AA-1E42-441C-AB56-DFBD3D28CC7B}.Release|Any CPU.Build.0 = Release|Any CPU
		{B5649FA1-1628-4916-BC27-A5780C660E67}.Debug|Any CPU.ActiveCfg = Debug|Any CPU
		{B5649FA1-1628-4916-BC27-A5780C660E67}.Debug|Any CPU.Build.0 = Debug|Any CPU
		{B5649FA1-1628-4916-BC27-A5780C660E67}.Release|Any CPU.ActiveCfg = Release|Any CPU
		{B5649FA1-1628-4916-BC27-A5780C660E67}.Release|Any CPU.Build.0 = Release|Any CPU
		{17AB6774-124E-4D57-AECB-801C0D867216}.Debug|Any CPU.ActiveCfg = Debug|Any CPU
		{17AB6774-124E-4D57-AECB-801C0D867216}.Debug|Any CPU.Build.0 = Debug|Any CPU
		{17AB6774-124E-4D57-AECB-801C0D867216}.Release|Any CPU.ActiveCfg = Release|Any CPU
		{17AB6774-124E-4D57-AECB-801C0D867216}.Release|Any CPU.Build.0 = Release|Any CPU
		{7A37FBDB-3B57-4220-A1ED-D85F5F46760D}.Debug|Any CPU.ActiveCfg = Debug|Any CPU
		{7A37FBDB-3B57-4220-A1ED-D85F5F46760D}.Debug|Any CPU.Build.0 = Debug|Any CPU
		{7A37FBDB-3B57-4220-A1ED-D85F5F46760D}.Release|Any CPU.ActiveCfg = Release|Any CPU
		{7A37FBDB-3B57-4220-A1ED-D85F5F46760D}.Release|Any CPU.Build.0 = Release|Any CPU
		{25A724F9-7CD5-43A2-96FD-08B978A28C47}.Debug|Any CPU.ActiveCfg = Debug|Any CPU
		{25A724F9-7CD5-43A2-96FD-08B978A28C47}.Debug|Any CPU.Build.0 = Debug|Any CPU
		{25A724F9-7CD5-43A2-96FD-08B978A28C47}.Release|Any CPU.ActiveCfg = Release|Any CPU
		{25A724F9-7CD5-43A2-96FD-08B978A28C47}.Release|Any CPU.Build.0 = Release|Any CPU
		{E75A1280-C4D0-4049-8A66-91ECB03A7A27}.Debug|Any CPU.ActiveCfg = Debug|Any CPU
		{E75A1280-C4D0-4049-8A66-91ECB03A7A27}.Debug|Any CPU.Build.0 = Debug|Any CPU
		{E75A1280-C4D0-4049-8A66-91ECB03A7A27}.Release|Any CPU.ActiveCfg = Release|Any CPU
		{E75A1280-C4D0-4049-8A66-91ECB03A7A27}.Release|Any CPU.Build.0 = Release|Any CPU
		{B012C300-41AC-4AD3-872E-A974A6CFCAA0}.Debug|Any CPU.ActiveCfg = Debug|Any CPU
		{B012C300-41AC-4AD3-872E-A974A6CFCAA0}.Debug|Any CPU.Build.0 = Debug|Any CPU
		{B012C300-41AC-4AD3-872E-A974A6CFCAA0}.Release|Any CPU.ActiveCfg = Release|Any CPU
		{B012C300-41AC-4AD3-872E-A974A6CFCAA0}.Release|Any CPU.Build.0 = Release|Any CPU
		{93C86F29-2C37-4CD6-9CB3-300D232BF74E}.Debug|Any CPU.ActiveCfg = Debug|Any CPU
		{93C86F29-2C37-4CD6-9CB3-300D232BF74E}.Debug|Any CPU.Build.0 = Debug|Any CPU
		{93C86F29-2C37-4CD6-9CB3-300D232BF74E}.Release|Any CPU.ActiveCfg = Release|Any CPU
		{93C86F29-2C37-4CD6-9CB3-300D232BF74E}.Release|Any CPU.Build.0 = Release|Any CPU
		{C41D6A8A-C475-4EEF-B61B-F860267B9374}.Debug|Any CPU.ActiveCfg = Debug|Any CPU
		{C41D6A8A-C475-4EEF-B61B-F860267B9374}.Debug|Any CPU.Build.0 = Debug|Any CPU
		{C41D6A8A-C475-4EEF-B61B-F860267B9374}.Release|Any CPU.ActiveCfg = Release|Any CPU
		{C41D6A8A-C475-4EEF-B61B-F860267B9374}.Release|Any CPU.Build.0 = Release|Any CPU
		{38AF612B-9179-46EE-9C7D-F9D0F9410B17}.Debug|Any CPU.ActiveCfg = Debug|Any CPU
		{38AF612B-9179-46EE-9C7D-F9D0F9410B17}.Debug|Any CPU.Build.0 = Debug|Any CPU
		{38AF612B-9179-46EE-9C7D-F9D0F9410B17}.Release|Any CPU.ActiveCfg = Release|Any CPU
		{38AF612B-9179-46EE-9C7D-F9D0F9410B17}.Release|Any CPU.Build.0 = Release|Any CPU
		{6DEE7EF9-3CC3-44DB-96AC-9FACA62F8D7A}.Debug|Any CPU.ActiveCfg = Debug|Any CPU
		{6DEE7EF9-3CC3-44DB-96AC-9FACA62F8D7A}.Debug|Any CPU.Build.0 = Debug|Any CPU
		{6DEE7EF9-3CC3-44DB-96AC-9FACA62F8D7A}.Release|Any CPU.ActiveCfg = Release|Any CPU
		{6DEE7EF9-3CC3-44DB-96AC-9FACA62F8D7A}.Release|Any CPU.Build.0 = Release|Any CPU
		{144E336F-DC9E-4933-839D-A6094857C80D}.Debug|Any CPU.ActiveCfg = Debug|Any CPU
		{144E336F-DC9E-4933-839D-A6094857C80D}.Debug|Any CPU.Build.0 = Debug|Any CPU
		{144E336F-DC9E-4933-839D-A6094857C80D}.Release|Any CPU.ActiveCfg = Release|Any CPU
		{144E336F-DC9E-4933-839D-A6094857C80D}.Release|Any CPU.Build.0 = Release|Any CPU
		{4FB0FAB0-5D28-40EC-8DCD-0CA71388DA4D}.Debug|Any CPU.ActiveCfg = Debug|Any CPU
		{4FB0FAB0-5D28-40EC-8DCD-0CA71388DA4D}.Debug|Any CPU.Build.0 = Debug|Any CPU
		{4FB0FAB0-5D28-40EC-8DCD-0CA71388DA4D}.Release|Any CPU.ActiveCfg = Release|Any CPU
		{4FB0FAB0-5D28-40EC-8DCD-0CA71388DA4D}.Release|Any CPU.Build.0 = Release|Any CPU
	EndGlobalSection
	GlobalSection(NestedProjects) = preSolution
		{E841B072-5A74-478C-A5FA-011620106488} = {2E46BDCC-48B1-47BF-B6B3-B920CBCF83EE}
		{FDF7F8AA-1E42-441C-AB56-DFBD3D28CC7B} = {FF19B620-ADB3-4F43-8493-F1E17B14A5E5}
		{B5649FA1-1628-4916-BC27-A5780C660E67} = {4383F573-0189-4086-A8A5-450326C78E92}
		{3B2ECBFB-9E6D-463A-8C0A-A8FE25C9C14A} = {4383F573-0189-4086-A8A5-450326C78E92}
		{17AB6774-124E-4D57-AECB-801C0D867216} = {2E46BDCC-48B1-47BF-B6B3-B920CBCF83EE}
		{7A37FBDB-3B57-4220-A1ED-D85F5F46760D} = {2E46BDCC-48B1-47BF-B6B3-B920CBCF83EE}
		{25A724F9-7CD5-43A2-96FD-08B978A28C47} = {0BAA38E5-4A24-4BCA-8E8B-31D601F6408C}
		{E75A1280-C4D0-4049-8A66-91ECB03A7A27} = {0BAA38E5-4A24-4BCA-8E8B-31D601F6408C}
		{B012C300-41AC-4AD3-872E-A974A6CFCAA0} = {0BAA38E5-4A24-4BCA-8E8B-31D601F6408C}
		{C41D6A8A-C475-4EEF-B61B-F860267B9374} = {55153DEA-4547-42F7-B50F-474A386EE8E0}
		{93C86F29-2C37-4CD6-9CB3-300D232BF74E} = {55153DEA-4547-42F7-B50F-474A386EE8E0}
		{38AF612B-9179-46EE-9C7D-F9D0F9410B17} = {545681C3-10AB-4F77-87BC-583820FC4DA3}
		{6DEE7EF9-3CC3-44DB-96AC-9FACA62F8D7A} = {545681C3-10AB-4F77-87BC-583820FC4DA3}
		{144E336F-DC9E-4933-839D-A6094857C80D} = {ABEDFDA2-9966-4D83-8537-D8D021F791E8}
		{4FB0FAB0-5D28-40EC-8DCD-0CA71388DA4D} = {ABEDFDA2-9966-4D83-8537-D8D021F791E8}
	EndGlobalSection
EndGlobal
